
Microsoft Visual Studio Solution File, Format Version 12.00
# Visual Studio 2012
Project("{FAE04EC0-301F-11D3-BF4B-00C04F79EFBC}") = "HappySquad", "HappySquad\HappySquad.csproj", "{9F7DE19C-D188-4205-A0E3-47545B4F7067}"
EndProject
Global
	GlobalSection(SolutionConfigurationPlatforms) = preSolution
		Debug|Any CPU = Debug|Any CPU
		Release|Any CPU = Release|Any CPU
	EndGlobalSection
	GlobalSection(ProjectConfigurationPlatforms) = postSolution
		{9F7DE19C-D188-4205-A0E3-47545B4F7067}.Debug|Any CPU.ActiveCfg = Debug|Any CPU
		{9F7DE19C-D188-4205-A0E3-47545B4F7067}.Debug|Any CPU.Build.0 = Debug|Any CPU
		{9F7DE19C-D188-4205-A0E3-47545B4F7067}.Release|Any CPU.ActiveCfg = Release|Any CPU
		{9F7DE19C-D188-4205-A0E3-47545B4F7067}.Release|Any CPU.Build.0 = Release|Any CPU
	EndGlobalSection
	GlobalSection(SolutionProperties) = preSolution
		HideSolutionNode = FALSE
	EndGlobalSection
EndGlobal
